
Microsoft Visual Studio Solution File, Format Version 12.00
# Visual Studio 15
VisualStudioVersion = 15.0.27130.2010
MinimumVisualStudioVersion = 10.0.40219.1
Project("{9A19103F-16F7-4668-BE54-9A1E7A4F7556}") = "Passaword", "Passaword\Passaword.csproj", "{FF13E497-A71D-4DC6-A95D-B76DE64BB70C}"
EndProject
Project("{9A19103F-16F7-4668-BE54-9A1E7A4F7556}") = "Passaword.Constants", "Passaword.Constants\Passaword.Constants.csproj", "{263AA549-51C7-4DD9-B855-DD3A52FFAAFA}"
EndProject
Project("{9A19103F-16F7-4668-BE54-9A1E7A4F7556}") = "Passaword.Messaging", "Passaword.Messaging\Passaword.Messaging.csproj", "{B6D0B965-4CF4-445A-BEA1-6600BD5B2957}"
EndProject
Project("{2150E333-8FDC-42A3-9474-1A3956D46DE8}") = "Tests", "Tests", "{04B27F5E-0FBA-43FC-9D2C-59755DD4C548}"
EndProject
Project("{9A19103F-16F7-4668-BE54-9A1E7A4F7556}") = "Passaword.Storage.Sql", "Passaword.Storage.Sql\Passaword.Storage.Sql.csproj", "{85DAEE29-99BF-4B84-AC9B-9C3D68DC0575}"
EndProject
Project("{9A19103F-16F7-4668-BE54-9A1E7A4F7556}") = "Passaword.Tests.Console", "Tests\Passaword.Tests.Console\Passaword.Tests.Console.csproj", "{D199B7B0-475C-4960-8E4D-E4CFB96C67A2}"
EndProject
Project("{9A19103F-16F7-4668-BE54-9A1E7A4F7556}") = "Passaword.Tests", "Tests\Passaword.Tests\Passaword.Tests.csproj", "{053AB930-1275-49BD-97CE-59C87B455E12}"
EndProject
Project("{FAE04EC0-301F-11D3-BF4B-00C04F79EFBC}") = "Passaword.Encryption", "Passaword.Encryption\Passaword.Encryption.csproj", "{56E188BF-BF54-493C-B377-29E36C37069A}"
EndProject
Global
	GlobalSection(SolutionConfigurationPlatforms) = preSolution
		Debug|Any CPU = Debug|Any CPU
		Release|Any CPU = Release|Any CPU
	EndGlobalSection
	GlobalSection(ProjectConfigurationPlatforms) = postSolution
		{FF13E497-A71D-4DC6-A95D-B76DE64BB70C}.Debug|Any CPU.ActiveCfg = Debug|Any CPU
		{FF13E497-A71D-4DC6-A95D-B76DE64BB70C}.Debug|Any CPU.Build.0 = Debug|Any CPU
		{FF13E497-A71D-4DC6-A95D-B76DE64BB70C}.Release|Any CPU.ActiveCfg = Release|Any CPU
		{FF13E497-A71D-4DC6-A95D-B76DE64BB70C}.Release|Any CPU.Build.0 = Release|Any CPU
		{263AA549-51C7-4DD9-B855-DD3A52FFAAFA}.Debug|Any CPU.ActiveCfg = Debug|Any CPU
		{263AA549-51C7-4DD9-B855-DD3A52FFAAFA}.Debug|Any CPU.Build.0 = Debug|Any CPU
		{263AA549-51C7-4DD9-B855-DD3A52FFAAFA}.Release|Any CPU.ActiveCfg = Release|Any CPU
		{263AA549-51C7-4DD9-B855-DD3A52FFAAFA}.Release|Any CPU.Build.0 = Release|Any CPU
		{B6D0B965-4CF4-445A-BEA1-6600BD5B2957}.Debug|Any CPU.ActiveCfg = Debug|Any CPU
		{B6D0B965-4CF4-445A-BEA1-6600BD5B2957}.Debug|Any CPU.Build.0 = Debug|Any CPU
		{B6D0B965-4CF4-445A-BEA1-6600BD5B2957}.Release|Any CPU.ActiveCfg = Release|Any CPU
		{B6D0B965-4CF4-445A-BEA1-6600BD5B2957}.Release|Any CPU.Build.0 = Release|Any CPU
		{85DAEE29-99BF-4B84-AC9B-9C3D68DC0575}.Debug|Any CPU.ActiveCfg = Debug|Any CPU
		{85DAEE29-99BF-4B84-AC9B-9C3D68DC0575}.Debug|Any CPU.Build.0 = Debug|Any CPU
		{85DAEE29-99BF-4B84-AC9B-9C3D68DC0575}.Release|Any CPU.ActiveCfg = Release|Any CPU
		{85DAEE29-99BF-4B84-AC9B-9C3D68DC0575}.Release|Any CPU.Build.0 = Release|Any CPU
		{D199B7B0-475C-4960-8E4D-E4CFB96C67A2}.Debug|Any CPU.ActiveCfg = Debug|Any CPU
		{D199B7B0-475C-4960-8E4D-E4CFB96C67A2}.Debug|Any CPU.Build.0 = Debug|Any CPU
		{D199B7B0-475C-4960-8E4D-E4CFB96C67A2}.Release|Any CPU.ActiveCfg = Release|Any CPU
		{D199B7B0-475C-4960-8E4D-E4CFB96C67A2}.Release|Any CPU.Build.0 = Release|Any CPU
		{053AB930-1275-49BD-97CE-59C87B455E12}.Debug|Any CPU.ActiveCfg = Debug|Any CPU
		{053AB930-1275-49BD-97CE-59C87B455E12}.Debug|Any CPU.Build.0 = Debug|Any CPU
		{053AB930-1275-49BD-97CE-59C87B455E12}.Release|Any CPU.ActiveCfg = Release|Any CPU
		{053AB930-1275-49BD-97CE-59C87B455E12}.Release|Any CPU.Build.0 = Release|Any CPU
		{56E188BF-BF54-493C-B377-29E36C37069A}.Debug|Any CPU.ActiveCfg = Debug|Any CPU
		{56E188BF-BF54-493C-B377-29E36C37069A}.Debug|Any CPU.Build.0 = Debug|Any CPU
		{56E188BF-BF54-493C-B377-29E36C37069A}.Release|Any CPU.ActiveCfg = Release|Any CPU
		{56E188BF-BF54-493C-B377-29E36C37069A}.Release|Any CPU.Build.0 = Release|Any CPU
	EndGlobalSection
	GlobalSection(SolutionProperties) = preSolution
		HideSolutionNode = FALSE
	EndGlobalSection
	GlobalSection(NestedProjects) = preSolution
		{D199B7B0-475C-4960-8E4D-E4CFB96C67A2} = {04B27F5E-0FBA-43FC-9D2C-59755DD4C548}
		{053AB930-1275-49BD-97CE-59C87B455E12} = {04B27F5E-0FBA-43FC-9D2C-59755DD4C548}
	EndGlobalSection
	GlobalSection(ExtensibilityGlobals) = postSolution
		SolutionGuid = {85362A8C-6CD2-434D-B1C4-8B847B136E66}
	EndGlobalSection
EndGlobal
